
Microsoft Visual Studio Solution File, Format Version 12.00
# Visual Studio 15
VisualStudioVersion = 15.0.26124.0
MinimumVisualStudioVersion = 15.0.26124.0
Project("{FAE04EC0-301F-11D3-BF4B-00C04F79EFBC}") = "GeneticRoguelike", "GeneticRoguelike\GeneticRoguelike.csproj", "{F30074C0-2AE3-42EF-8271-A0B335C53D59}"
EndProject
Project("{FAE04EC0-301F-11D3-BF4B-00C04F79EFBC}") = "GeneticEngine", "GeneticEngine\GeneticEngine.csproj", "{D5D36A59-B241-4CF6-9CCE-74471A4FD9A6}"
EndProject
Project("{FAE04EC0-301F-11D3-BF4B-00C04F79EFBC}") = "GeneticEngine.UnitTests", "GeneticEngine.UnitTests\GeneticEngine.UnitTests.csproj", "{BD3466D7-CB5D-43DC-93F4-370502E99DBC}"
EndProject
Global
	GlobalSection(SolutionConfigurationPlatforms) = preSolution
		Debug|Any CPU = Debug|Any CPU
		Debug|x64 = Debug|x64
		Debug|x86 = Debug|x86
		Release|Any CPU = Release|Any CPU
		Release|x64 = Release|x64
		Release|x86 = Release|x86
	EndGlobalSection
	GlobalSection(SolutionProperties) = preSolution
		HideSolutionNode = FALSE
	EndGlobalSection
	GlobalSection(ProjectConfigurationPlatforms) = postSolution
		{F30074C0-2AE3-42EF-8271-A0B335C53D59}.Debug|Any CPU.ActiveCfg = Debug|Any CPU
		{F30074C0-2AE3-42EF-8271-A0B335C53D59}.Debug|Any CPU.Build.0 = Debug|Any CPU
		{F30074C0-2AE3-42EF-8271-A0B335C53D59}.Debug|x64.ActiveCfg = Debug|Any CPU
		{F30074C0-2AE3-42EF-8271-A0B335C53D59}.Debug|x64.Build.0 = Debug|Any CPU
		{F30074C0-2AE3-42EF-8271-A0B335C53D59}.Debug|x86.ActiveCfg = Debug|Any CPU
		{F30074C0-2AE3-42EF-8271-A0B335C53D59}.Debug|x86.Build.0 = Debug|Any CPU
		{F30074C0-2AE3-42EF-8271-A0B335C53D59}.Release|Any CPU.ActiveCfg = Release|Any CPU
		{F30074C0-2AE3-42EF-8271-A0B335C53D59}.Release|Any CPU.Build.0 = Release|Any CPU
		{F30074C0-2AE3-42EF-8271-A0B335C53D59}.Release|x64.ActiveCfg = Release|Any CPU
		{F30074C0-2AE3-42EF-8271-A0B335C53D59}.Release|x64.Build.0 = Release|Any CPU
		{F30074C0-2AE3-42EF-8271-A0B335C53D59}.Release|x86.ActiveCfg = Release|Any CPU
		{F30074C0-2AE3-42EF-8271-A0B335C53D59}.Release|x86.Build.0 = Release|Any CPU
		{D5D36A59-B241-4CF6-9CCE-74471A4FD9A6}.Debug|Any CPU.ActiveCfg = Debug|Any CPU
		{D5D36A59-B241-4CF6-9CCE-74471A4FD9A6}.Debug|Any CPU.Build.0 = Debug|Any CPU
		{D5D36A59-B241-4CF6-9CCE-74471A4FD9A6}.Debug|x64.ActiveCfg = Debug|Any CPU
		{D5D36A59-B241-4CF6-9CCE-74471A4FD9A6}.Debug|x64.Build.0 = Debug|Any CPU
		{D5D36A59-B241-4CF6-9CCE-74471A4FD9A6}.Debug|x86.ActiveCfg = Debug|Any CPU
		{D5D36A59-B241-4CF6-9CCE-74471A4FD9A6}.Debug|x86.Build.0 = Debug|Any CPU
		{D5D36A59-B241-4CF6-9CCE-74471A4FD9A6}.Release|Any CPU.ActiveCfg = Release|Any CPU
		{D5D36A59-B241-4CF6-9CCE-74471A4FD9A6}.Release|Any CPU.Build.0 = Release|Any CPU
		{D5D36A59-B241-4CF6-9CCE-74471A4FD9A6}.Release|x64.ActiveCfg = Release|Any CPU
		{D5D36A59-B241-4CF6-9CCE-74471A4FD9A6}.Release|x64.Build.0 = Release|Any CPU
		{D5D36A59-B241-4CF6-9CCE-74471A4FD9A6}.Release|x86.ActiveCfg = Release|Any CPU
		{D5D36A59-B241-4CF6-9CCE-74471A4FD9A6}.Release|x86.Build.0 = Release|Any CPU
		{BD3466D7-CB5D-43DC-93F4-370502E99DBC}.Debug|Any CPU.ActiveCfg = Debug|Any CPU
		{BD3466D7-CB5D-43DC-93F4-370502E99DBC}.Debug|Any CPU.Build.0 = Debug|Any CPU
		{BD3466D7-CB5D-43DC-93F4-370502E99DBC}.Debug|x64.ActiveCfg = Debug|Any CPU
		{BD3466D7-CB5D-43DC-93F4-370502E99DBC}.Debug|x64.Build.0 = Debug|Any CPU
		{BD3466D7-CB5D-43DC-93F4-370502E99DBC}.Debug|x86.ActiveCfg = Debug|Any CPU
		{BD3466D7-CB5D-43DC-93F4-370502E99DBC}.Debug|x86.Build.0 = Debug|Any CPU
		{BD3466D7-CB5D-43DC-93F4-370502E99DBC}.Release|Any CPU.ActiveCfg = Release|Any CPU
		{BD3466D7-CB5D-43DC-93F4-370502E99DBC}.Release|Any CPU.Build.0 = Release|Any CPU
		{BD3466D7-CB5D-43DC-93F4-370502E99DBC}.Release|x64.ActiveCfg = Release|Any CPU
		{BD3466D7-CB5D-43DC-93F4-370502E99DBC}.Release|x64.Build.0 = Release|Any CPU
		{BD3466D7-CB5D-43DC-93F4-370502E99DBC}.Release|x86.ActiveCfg = Release|Any CPU
		{BD3466D7-CB5D-43DC-93F4-370502E99DBC}.Release|x86.Build.0 = Release|Any CPU
	EndGlobalSection
EndGlobal
